
Microsoft Visual Studio Solution File, Format Version 12.00
# Visual Studio 14
VisualStudioVersion = 14.0.25420.1
MinimumVisualStudioVersion = 10.0.40219.1
Project("{FAE04EC0-301F-11D3-BF4B-00C04F79EFBC}") = "Epons.Domain", "Epons.Domain\Epons.Domain.csproj", "{1437E031-36B2-4AFE-AF7C-9E1000F3DE00}"
EndProject
Project("{FAE04EC0-301F-11D3-BF4B-00C04F79EFBC}") = "Epons.Domain.Test", "Epons.Domain.Test\Epons.Domain.Test.csproj", "{81473AB2-88A3-4991-802C-5740317A234F}"
EndProject
Global
	GlobalSection(SolutionConfigurationPlatforms) = preSolution
		Debug|Any CPU = Debug|Any CPU
		Release|Any CPU = Release|Any CPU
	EndGlobalSection
	GlobalSection(ProjectConfigurationPlatforms) = postSolution
		{1437E031-36B2-4AFE-AF7C-9E1000F3DE00}.Debug|Any CPU.ActiveCfg = Debug|Any CPU
		{1437E031-36B2-4AFE-AF7C-9E1000F3DE00}.Debug|Any CPU.Build.0 = Debug|Any CPU
		{1437E031-36B2-4AFE-AF7C-9E1000F3DE00}.Release|Any CPU.ActiveCfg = Release|Any CPU
		{1437E031-36B2-4AFE-AF7C-9E1000F3DE00}.Release|Any CPU.Build.0 = Release|Any CPU
		{81473AB2-88A3-4991-802C-5740317A234F}.Debug|Any CPU.ActiveCfg = Debug|Any CPU
		{81473AB2-88A3-4991-802C-5740317A234F}.Debug|Any CPU.Build.0 = Debug|Any CPU
		{81473AB2-88A3-4991-802C-5740317A234F}.Release|Any CPU.ActiveCfg = Release|Any CPU
		{81473AB2-88A3-4991-802C-5740317A234F}.Release|Any CPU.Build.0 = Release|Any CPU
	EndGlobalSection
	GlobalSection(SolutionProperties) = preSolution
		HideSolutionNode = FALSE
	EndGlobalSection
EndGlobal
