
Microsoft Visual Studio Solution File, Format Version 12.00
# Visual Studio 15
VisualStudioVersion = 15.0.26430.16
MinimumVisualStudioVersion = 10.0.40219.1
Project("{FAE04EC0-301F-11D3-BF4B-00C04F79EFBC}") = "Epons.Domain", "Epons.Domain\Epons.Domain.csproj", "{1437E031-36B2-4AFE-AF7C-9E1000F3DE00}"
EndProject
Project("{FAE04EC0-301F-11D3-BF4B-00C04F79EFBC}") = "Epons.Domain.Test", "Epons.Domain.Test\Epons.Domain.Test.csproj", "{81473AB2-88A3-4991-802C-5740317A234F}"
EndProject
Project("{FAE04EC0-301F-11D3-BF4B-00C04F79EFBC}") = "Epons.Api", "Epons.Api\Epons.Api.csproj", "{4FB519F7-C954-49CF-BDF0-7D584D73A746}"
EndProject
Project("{FAE04EC0-301F-11D3-BF4B-00C04F79EFBC}") = "Epons.Gateway", "Epons.Gateway\Epons.Gateway.csproj", "{B135AD03-1469-4515-A8D3-E0560F0C0CA6}"
EndProject
Project("{FAE04EC0-301F-11D3-BF4B-00C04F79EFBC}") = "Epons.Gateway.Test", "Epons.Gateway.Test\Epons.Gateway.Test.csproj", "{AD249447-A039-4CCA-B53F-EDFB1BD3E1C7}"
EndProject
Project("{FAE04EC0-301F-11D3-BF4B-00C04F79EFBC}") = "EPMS.Domain", "EPMS.Domain\EPMS.Domain.csproj", "{4E00A89D-3E58-430A-A470-6E5FBCB41DFF}"
EndProject
Project("{FAE04EC0-301F-11D3-BF4B-00C04F79EFBC}") = "EPMS", "EPMS\EPMS.csproj", "{CC483BC1-F95B-43D3-BD03-5398135BE669}"
EndProject
Project("{FAE04EC0-301F-11D3-BF4B-00C04F79EFBC}") = "EPMS.Tests", "EPMS.Tests\EPMS.Tests.csproj", "{6A68612C-D11C-40C9-9B21-C04A28A6099B}"
EndProject
Global
	GlobalSection(SolutionConfigurationPlatforms) = preSolution
		Debug|Any CPU = Debug|Any CPU
		Release|Any CPU = Release|Any CPU
	EndGlobalSection
	GlobalSection(ProjectConfigurationPlatforms) = postSolution
		{1437E031-36B2-4AFE-AF7C-9E1000F3DE00}.Debug|Any CPU.ActiveCfg = Debug|Any CPU
		{1437E031-36B2-4AFE-AF7C-9E1000F3DE00}.Debug|Any CPU.Build.0 = Debug|Any CPU
		{1437E031-36B2-4AFE-AF7C-9E1000F3DE00}.Release|Any CPU.ActiveCfg = Release|Any CPU
		{1437E031-36B2-4AFE-AF7C-9E1000F3DE00}.Release|Any CPU.Build.0 = Release|Any CPU
		{81473AB2-88A3-4991-802C-5740317A234F}.Debug|Any CPU.ActiveCfg = Debug|Any CPU
		{81473AB2-88A3-4991-802C-5740317A234F}.Debug|Any CPU.Build.0 = Debug|Any CPU
		{81473AB2-88A3-4991-802C-5740317A234F}.Release|Any CPU.ActiveCfg = Release|Any CPU
		{81473AB2-88A3-4991-802C-5740317A234F}.Release|Any CPU.Build.0 = Release|Any CPU
		{4FB519F7-C954-49CF-BDF0-7D584D73A746}.Debug|Any CPU.ActiveCfg = Debug|Any CPU
		{4FB519F7-C954-49CF-BDF0-7D584D73A746}.Debug|Any CPU.Build.0 = Debug|Any CPU
		{4FB519F7-C954-49CF-BDF0-7D584D73A746}.Release|Any CPU.ActiveCfg = Release|Any CPU
		{4FB519F7-C954-49CF-BDF0-7D584D73A746}.Release|Any CPU.Build.0 = Release|Any CPU
		{B135AD03-1469-4515-A8D3-E0560F0C0CA6}.Debug|Any CPU.ActiveCfg = Debug|Any CPU
		{B135AD03-1469-4515-A8D3-E0560F0C0CA6}.Debug|Any CPU.Build.0 = Debug|Any CPU
		{B135AD03-1469-4515-A8D3-E0560F0C0CA6}.Release|Any CPU.ActiveCfg = Release|Any CPU
		{B135AD03-1469-4515-A8D3-E0560F0C0CA6}.Release|Any CPU.Build.0 = Release|Any CPU
		{AD249447-A039-4CCA-B53F-EDFB1BD3E1C7}.Debug|Any CPU.ActiveCfg = Debug|Any CPU
		{AD249447-A039-4CCA-B53F-EDFB1BD3E1C7}.Debug|Any CPU.Build.0 = Debug|Any CPU
		{AD249447-A039-4CCA-B53F-EDFB1BD3E1C7}.Release|Any CPU.ActiveCfg = Release|Any CPU
		{AD249447-A039-4CCA-B53F-EDFB1BD3E1C7}.Release|Any CPU.Build.0 = Release|Any CPU
		{4E00A89D-3E58-430A-A470-6E5FBCB41DFF}.Debug|Any CPU.ActiveCfg = Debug|Any CPU
		{4E00A89D-3E58-430A-A470-6E5FBCB41DFF}.Debug|Any CPU.Build.0 = Debug|Any CPU
		{4E00A89D-3E58-430A-A470-6E5FBCB41DFF}.Release|Any CPU.ActiveCfg = Release|Any CPU
		{4E00A89D-3E58-430A-A470-6E5FBCB41DFF}.Release|Any CPU.Build.0 = Release|Any CPU
		{CC483BC1-F95B-43D3-BD03-5398135BE669}.Debug|Any CPU.ActiveCfg = Debug|Any CPU
		{CC483BC1-F95B-43D3-BD03-5398135BE669}.Debug|Any CPU.Build.0 = Debug|Any CPU
		{CC483BC1-F95B-43D3-BD03-5398135BE669}.Release|Any CPU.ActiveCfg = Release|Any CPU
		{CC483BC1-F95B-43D3-BD03-5398135BE669}.Release|Any CPU.Build.0 = Release|Any CPU
		{6A68612C-D11C-40C9-9B21-C04A28A6099B}.Debug|Any CPU.ActiveCfg = Debug|Any CPU
		{6A68612C-D11C-40C9-9B21-C04A28A6099B}.Debug|Any CPU.Build.0 = Debug|Any CPU
		{6A68612C-D11C-40C9-9B21-C04A28A6099B}.Release|Any CPU.ActiveCfg = Release|Any CPU
		{6A68612C-D11C-40C9-9B21-C04A28A6099B}.Release|Any CPU.Build.0 = Release|Any CPU
	EndGlobalSection
	GlobalSection(SolutionProperties) = preSolution
		HideSolutionNode = FALSE
	EndGlobalSection
EndGlobal
